{
  "name": "edon-test-a",
  "version": "0.0.0",
  "lockfileVersion": 1,
  "requires": true,
  "dependencies": {
    "edon-test-b": {
      "version": "0.0.0",
      "resolved": "https://registry.npmjs.org/edon-test-b/-/edon-test-b-0.0.0.tgz",
      "integrity": "sha512-eP9UKk/SSTOZvKolXFGn7cnp6KztXVwJ6ytk+CwzQcRoAv3nJ5x7x8QbOlq3CrfuntwVGIqxYXeRUdsLYHSc2A=="
    },
    "edon-test-c": {
      "version": "0.0.0",
      "resolved": "https://registry.npmjs.org/edon-test-c/-/edon-test-c-0.0.0.tgz",
      "integrity": "sha512-KjcPq/jtaocyMpe70FjY2sJBFfRAqYpCN0ZqT0juEPbCiUQWZwdz5EP5EvNSHDxrY4xKAquV8fEyKurB+BHHqA=="
    }
  }
}
