# THIS IS AN AUTOGENERATED FILE. DO NOT EDIT THIS FILE DIRECTLY.
# yarn lockfile v1


edon-test-b@0.0.1:
  version "0.0.1"
  resolved "https://registry.yarnpkg.com/edon-test-b/-/edon-test-b-0.0.1.tgz#548d7a52d5277ec77bc4f4f6b5aa334d289d3479"
  dependencies:
    edon-test-c "0.0.0"

edon-test-c@0.0.0:
  version "0.0.0"
  resolved "https://registry.yarnpkg.com/edon-test-c/-/edon-test-c-0.0.0.tgz#3801013ecc32b38e014f097e5e7a12dc662d8d3b"

edon-test-c@^2.0.0:
  version "2.1.0"
  resolved "https://registry.yarnpkg.com/edon-test-c/-/edon-test-c-2.1.0.tgz#6784162684039ceecbc36a5d1e70f1f44f40020b"
